// !$*UTF8*$!
{
	archiveVersion = 1;
	classes = {
	};
	objectVersion = 46;
	objects = {

/* Begin PBXBuildFile section */
		07C9F861DC3B402E71BFDC91 /* libPods-XYWProject.a in Frameworks */ = {isa = PBXBuildFile; fileRef = B8CD44121F18170FD3071CC2 /* libPods-XYWProject.a */; };
		47EEE6E51E744A6C00102ED2 /* main.m in Sources */ = {isa = PBXBuildFile; fileRef = 47EEE6E41E744A6C00102ED2 /* main.m */; };
		47EEE6E81E744A6C00102ED2 /* AppDelegate.m in Sources */ = {isa = PBXBuildFile; fileRef = 47EEE6E71E744A6C00102ED2 /* AppDelegate.m */; };
		47EEE6EB1E744A6C00102ED2 /* ViewController.m in Sources */ = {isa = PBXBuildFile; fileRef = 47EEE6EA1E744A6C00102ED2 /* ViewController.m */; };
		47EEE6F01E744A6C00102ED2 /* Assets.xcassets in Resources */ = {isa = PBXBuildFile; fileRef = 47EEE6EF1E744A6C00102ED2 /* Assets.xcassets */; };
		47EEE6F31E744A6C00102ED2 /* LaunchScreen.storyboard in Resources */ = {isa = PBXBuildFile; fileRef = 47EEE6F11E744A6C00102ED2 /* LaunchScreen.storyboard */; };
		47EEE7171E74634200102ED2 /* BaseViewController.m in Sources */ = {isa = PBXBuildFile; fileRef = 47EEE7151E74634200102ED2 /* BaseViewController.m */; };
		47EEE71F1E74635500102ED2 /* TestTbaleViewViewController.m in Sources */ = {isa = PBXBuildFile; fileRef = 47EEE71B1E74635500102ED2 /* TestTbaleViewViewController.m */; };
		47EEE7201E74635500102ED2 /* TestViewController.m in Sources */ = {isa = PBXBuildFile; fileRef = 47EEE71D1E74635500102ED2 /* TestViewController.m */; };
		47EEE72E1E7469C500102ED2 /* BaseHandler.m in Sources */ = {isa = PBXBuildFile; fileRef = 47EEE72B1E7469C500102ED2 /* BaseHandler.m */; };
		47EEE7321E746A0700102ED2 /* BaseTableViewController.m in Sources */ = {isa = PBXBuildFile; fileRef = 47EEE7311E746A0700102ED2 /* BaseTableViewController.m */; };
		47EEE7361E746F2400102ED2 /* UIViewController+NavigationSetter.m in Sources */ = {isa = PBXBuildFile; fileRef = 47EEE7351E746F2400102ED2 /* UIViewController+NavigationSetter.m */; };
		47EEE7381E74700500102ED2 /* apple@2x.png in Resources */ = {isa = PBXBuildFile; fileRef = 47EEE7371E74700500102ED2 /* apple@2x.png */; };
		47EEE73B1E7475F600102ED2 /* BaseModel.m in Sources */ = {isa = PBXBuildFile; fileRef = 47EEE73A1E7475F600102ED2 /* BaseModel.m */; };
		853F8C481E77BF6200DA5F37 /* XYWHTTPCache.m in Sources */ = {isa = PBXBuildFile; fileRef = 853F8C471E77BF6200DA5F37 /* XYWHTTPCache.m */; };
		853F8C4C1E77C4B800DA5F37 /* UserDefaultManager.m in Sources */ = {isa = PBXBuildFile; fileRef = 853F8C4B1E77C4B800DA5F37 /* UserDefaultManager.m */; };
		85A5FCF51E76871C0086C0C1 /* BaseShareInstance.m in Sources */ = {isa = PBXBuildFile; fileRef = 85A5FCF41E76871C0086C0C1 /* BaseShareInstance.m */; };
		85A5FCFE1E768A470086C0C1 /* CustomView.m in Sources */ = {isa = PBXBuildFile; fileRef = 85A5FCFD1E768A470086C0C1 /* CustomView.m */; };
		85A5FD011E768A590086C0C1 /* LoginedUserInfo.m in Sources */ = {isa = PBXBuildFile; fileRef = 85A5FD001E768A590086C0C1 /* LoginedUserInfo.m */; };
		85A5FD051E768A930086C0C1 /* CustomHandler.m in Sources */ = {isa = PBXBuildFile; fileRef = 85A5FD041E768A930086C0C1 /* CustomHandler.m */; };
		85A5FD081E768EA00086C0C1 /* Cache2UserDefaultModel.m in Sources */ = {isa = PBXBuildFile; fileRef = 85A5FD071E768EA00086C0C1 /* Cache2UserDefaultModel.m */; };
		85A5FD0B1E768F390086C0C1 /* UserInfo.m in Sources */ = {isa = PBXBuildFile; fileRef = 85A5FD0A1E768F390086C0C1 /* UserInfo.m */; };
		85A5FD0F1E7691A40086C0C1 /* XYWSandBox.m in Sources */ = {isa = PBXBuildFile; fileRef = 85A5FD0E1E7691A40086C0C1 /* XYWSandBox.m */; };
		85A5FD1B1E76A8070086C0C1 /* AFHTTPSessionManager+SharedManager.m in Sources */ = {isa = PBXBuildFile; fileRef = 85A5FD161E76A8070086C0C1 /* AFHTTPSessionManager+SharedManager.m */; };
		85A5FD1D1E76A8070086C0C1 /* XYWhttpManager.m in Sources */ = {isa = PBXBuildFile; fileRef = 85A5FD1A1E76A8070086C0C1 /* XYWhttpManager.m */; };
/* End PBXBuildFile section */

/* Begin PBXFileReference section */
		2DBCAE2A94BFD1B3A08D754F /* Pods-XYWProject.debug.xcconfig */ = {isa = PBXFileReference; includeInIndex = 1; lastKnownFileType = text.xcconfig; name = "Pods-XYWProject.debug.xcconfig"; path = "Pods/Target Support Files/Pods-XYWProject/Pods-XYWProject.debug.xcconfig"; sourceTree = "<group>"; };
		47EEE6E01E744A6C00102ED2 /* XYWProject.app */ = {isa = PBXFileReference; explicitFileType = wrapper.application; includeInIndex = 0; path = XYWProject.app; sourceTree = BUILT_PRODUCTS_DIR; };
		47EEE6E41E744A6C00102ED2 /* main.m */ = {isa = PBXFileReference; lastKnownFileType = sourcecode.c.objc; path = main.m; sourceTree = "<group>"; };
		47EEE6E61E744A6C00102ED2 /* AppDelegate.h */ = {isa = PBXFileReference; lastKnownFileType = sourcecode.c.h; path = AppDelegate.h; sourceTree = "<group>"; };
		47EEE6E71E744A6C00102ED2 /* AppDelegate.m */ = {isa = PBXFileReference; lastKnownFileType = sourcecode.c.objc; path = AppDelegate.m; sourceTree = "<group>"; };
		47EEE6E91E744A6C00102ED2 /* ViewController.h */ = {isa = PBXFileReference; lastKnownFileType = sourcecode.c.h; path = ViewController.h; sourceTree = "<group>"; };
		47EEE6EA1E744A6C00102ED2 /* ViewController.m */ = {isa = PBXFileReference; lastKnownFileType = sourcecode.c.objc; path = ViewController.m; sourceTree = "<group>"; };
		47EEE6EF1E744A6C00102ED2 /* Assets.xcassets */ = {isa = PBXFileReference; lastKnownFileType = folder.assetcatalog; path = Assets.xcassets; sourceTree = "<group>"; };
		47EEE6F21E744A6C00102ED2 /* Base */ = {isa = PBXFileReference; lastKnownFileType = file.storyboard; name = Base; path = Base.lproj/LaunchScreen.storyboard; sourceTree = "<group>"; };
		47EEE6F41E744A6C00102ED2 /* Info.plist */ = {isa = PBXFileReference; lastKnownFileType = text.plist.xml; path = Info.plist; sourceTree = "<group>"; };
		47EEE7141E74634200102ED2 /* BaseViewController.h */ = {isa = PBXFileReference; fileEncoding = 4; lastKnownFileType = sourcecode.c.h; path = BaseViewController.h; sourceTree = "<group>"; };
		47EEE7151E74634200102ED2 /* BaseViewController.m */ = {isa = PBXFileReference; fileEncoding = 4; lastKnownFileType = sourcecode.c.objc; path = BaseViewController.m; sourceTree = "<group>"; };
		47EEE71A1E74635500102ED2 /* TestTbaleViewViewController.h */ = {isa = PBXFileReference; fileEncoding = 4; lastKnownFileType = sourcecode.c.h; path = TestTbaleViewViewController.h; sourceTree = "<group>"; };
		47EEE71B1E74635500102ED2 /* TestTbaleViewViewController.m */ = {isa = PBXFileReference; fileEncoding = 4; lastKnownFileType = sourcecode.c.objc; path = TestTbaleViewViewController.m; sourceTree = "<group>"; };
		47EEE71C1E74635500102ED2 /* TestViewController.h */ = {isa = PBXFileReference; fileEncoding = 4; lastKnownFileType = sourcecode.c.h; path = TestViewController.h; sourceTree = "<group>"; };
		47EEE71D1E74635500102ED2 /* TestViewController.m */ = {isa = PBXFileReference; fileEncoding = 4; lastKnownFileType = sourcecode.c.objc; path = TestViewController.m; sourceTree = "<group>"; };
		47EEE72A1E7469C500102ED2 /* BaseHandler.h */ = {isa = PBXFileReference; fileEncoding = 4; lastKnownFileType = sourcecode.c.h; path = BaseHandler.h; sourceTree = "<group>"; };
		47EEE72B1E7469C500102ED2 /* BaseHandler.m */ = {isa = PBXFileReference; fileEncoding = 4; lastKnownFileType = sourcecode.c.objc; path = BaseHandler.m; sourceTree = "<group>"; };
		47EEE7301E746A0700102ED2 /* BaseTableViewController.h */ = {isa = PBXFileReference; fileEncoding = 4; lastKnownFileType = sourcecode.c.h; path = BaseTableViewController.h; sourceTree = "<group>"; };
		47EEE7311E746A0700102ED2 /* BaseTableViewController.m */ = {isa = PBXFileReference; fileEncoding = 4; lastKnownFileType = sourcecode.c.objc; path = BaseTableViewController.m; sourceTree = "<group>"; };
		47EEE7341E746F2400102ED2 /* UIViewController+NavigationSetter.h */ = {isa = PBXFileReference; fileEncoding = 4; lastKnownFileType = sourcecode.c.h; path = "UIViewController+NavigationSetter.h"; sourceTree = "<group>"; };
		47EEE7351E746F2400102ED2 /* UIViewController+NavigationSetter.m */ = {isa = PBXFileReference; fileEncoding = 4; lastKnownFileType = sourcecode.c.objc; path = "UIViewController+NavigationSetter.m"; sourceTree = "<group>"; };
		47EEE7371E74700500102ED2 /* apple@2x.png */ = {isa = PBXFileReference; lastKnownFileType = image.png; path = "apple@2x.png"; sourceTree = "<group>"; };
		47EEE7391E7475F600102ED2 /* BaseModel.h */ = {isa = PBXFileReference; fileEncoding = 4; lastKnownFileType = sourcecode.c.h; path = BaseModel.h; sourceTree = "<group>"; };
		47EEE73A1E7475F600102ED2 /* BaseModel.m */ = {isa = PBXFileReference; fileEncoding = 4; lastKnownFileType = sourcecode.c.objc; path = BaseModel.m; sourceTree = "<group>"; };
		681AEB5AA04EBE556EF396C4 /* Pods-XYWProject.release.xcconfig */ = {isa = PBXFileReference; includeInIndex = 1; lastKnownFileType = text.xcconfig; name = "Pods-XYWProject.release.xcconfig"; path = "Pods/Target Support Files/Pods-XYWProject/Pods-XYWProject.release.xcconfig"; sourceTree = "<group>"; };
		853F8C461E77BF6200DA5F37 /* XYWHTTPCache.h */ = {isa = PBXFileReference; fileEncoding = 4; lastKnownFileType = sourcecode.c.h; path = XYWHTTPCache.h; sourceTree = "<group>"; };
		853F8C471E77BF6200DA5F37 /* XYWHTTPCache.m */ = {isa = PBXFileReference; fileEncoding = 4; lastKnownFileType = sourcecode.c.objc; path = XYWHTTPCache.m; sourceTree = "<group>"; };
		853F8C4A1E77C4B800DA5F37 /* UserDefaultManager.h */ = {isa = PBXFileReference; fileEncoding = 4; lastKnownFileType = sourcecode.c.h; path = UserDefaultManager.h; sourceTree = "<group>"; };
		853F8C4B1E77C4B800DA5F37 /* UserDefaultManager.m */ = {isa = PBXFileReference; fileEncoding = 4; lastKnownFileType = sourcecode.c.objc; path = UserDefaultManager.m; sourceTree = "<group>"; };
		85A5FCF31E76871C0086C0C1 /* BaseShareInstance.h */ = {isa = PBXFileReference; fileEncoding = 4; lastKnownFileType = sourcecode.c.h; path = BaseShareInstance.h; sourceTree = "<group>"; };
		85A5FCF41E76871C0086C0C1 /* BaseShareInstance.m */ = {isa = PBXFileReference; fileEncoding = 4; lastKnownFileType = sourcecode.c.objc; path = BaseShareInstance.m; sourceTree = "<group>"; };
		85A5FCFC1E768A470086C0C1 /* CustomView.h */ = {isa = PBXFileReference; fileEncoding = 4; lastKnownFileType = sourcecode.c.h; path = CustomView.h; sourceTree = "<group>"; };
		85A5FCFD1E768A470086C0C1 /* CustomView.m */ = {isa = PBXFileReference; fileEncoding = 4; lastKnownFileType = sourcecode.c.objc; path = CustomView.m; sourceTree = "<group>"; };
		85A5FCFF1E768A590086C0C1 /* LoginedUserInfo.h */ = {isa = PBXFileReference; fileEncoding = 4; lastKnownFileType = sourcecode.c.h; path = LoginedUserInfo.h; sourceTree = "<group>"; };
		85A5FD001E768A590086C0C1 /* LoginedUserInfo.m */ = {isa = PBXFileReference; fileEncoding = 4; lastKnownFileType = sourcecode.c.objc; path = LoginedUserInfo.m; sourceTree = "<group>"; };
		85A5FD031E768A930086C0C1 /* CustomHandler.h */ = {isa = PBXFileReference; fileEncoding = 4; lastKnownFileType = sourcecode.c.h; path = CustomHandler.h; sourceTree = "<group>"; };
		85A5FD041E768A930086C0C1 /* CustomHandler.m */ = {isa = PBXFileReference; fileEncoding = 4; lastKnownFileType = sourcecode.c.objc; path = CustomHandler.m; sourceTree = "<group>"; };
		85A5FD061E768EA00086C0C1 /* Cache2UserDefaultModel.h */ = {isa = PBXFileReference; fileEncoding = 4; lastKnownFileType = sourcecode.c.h; path = Cache2UserDefaultModel.h; sourceTree = "<group>"; };
		85A5FD071E768EA00086C0C1 /* Cache2UserDefaultModel.m */ = {isa = PBXFileReference; fileEncoding = 4; lastKnownFileType = sourcecode.c.objc; path = Cache2UserDefaultModel.m; sourceTree = "<group>"; };
		85A5FD091E768F390086C0C1 /* UserInfo.h */ = {isa = PBXFileReference; fileEncoding = 4; lastKnownFileType = sourcecode.c.h; path = UserInfo.h; sourceTree = "<group>"; };
		85A5FD0A1E768F390086C0C1 /* UserInfo.m */ = {isa = PBXFileReference; fileEncoding = 4; lastKnownFileType = sourcecode.c.objc; path = UserInfo.m; sourceTree = "<group>"; };
		85A5FD0D1E7691A40086C0C1 /* XYWSandBox.h */ = {isa = PBXFileReference; fileEncoding = 4; lastKnownFileType = sourcecode.c.h; path = XYWSandBox.h; sourceTree = "<group>"; };
		85A5FD0E1E7691A40086C0C1 /* XYWSandBox.m */ = {isa = PBXFileReference; fileEncoding = 4; lastKnownFileType = sourcecode.c.objc; path = XYWSandBox.m; sourceTree = "<group>"; };
		85A5FD151E76A8070086C0C1 /* AFHTTPSessionManager+SharedManager.h */ = {isa = PBXFileReference; fileEncoding = 4; lastKnownFileType = sourcecode.c.h; path = "AFHTTPSessionManager+SharedManager.h"; sourceTree = "<group>"; };
		85A5FD161E76A8070086C0C1 /* AFHTTPSessionManager+SharedManager.m */ = {isa = PBXFileReference; fileEncoding = 4; lastKnownFileType = sourcecode.c.objc; path = "AFHTTPSessionManager+SharedManager.m"; sourceTree = "<group>"; };
		85A5FD191E76A8070086C0C1 /* XYWhttpManager.h */ = {isa = PBXFileReference; fileEncoding = 4; lastKnownFileType = sourcecode.c.h; path = XYWhttpManager.h; sourceTree = "<group>"; };
		85A5FD1A1E76A8070086C0C1 /* XYWhttpManager.m */ = {isa = PBXFileReference; fileEncoding = 4; lastKnownFileType = sourcecode.c.objc; path = XYWhttpManager.m; sourceTree = "<group>"; };
		B8CD44121F18170FD3071CC2 /* libPods-XYWProject.a */ = {isa = PBXFileReference; explicitFileType = archive.ar; includeInIndex = 0; path = "libPods-XYWProject.a"; sourceTree = BUILT_PRODUCTS_DIR; };
/* End PBXFileReference section */

/* Begin PBXFrameworksBuildPhase section */
		47EEE6DD1E744A6C00102ED2 /* Frameworks */ = {
			isa = PBXFrameworksBuildPhase;
			buildActionMask = 2147483647;
			files = (
				07C9F861DC3B402E71BFDC91 /* libPods-XYWProject.a in Frameworks */,
			);
			runOnlyForDeploymentPostprocessing = 0;
		};
/* End PBXFrameworksBuildPhase section */

/* Begin PBXGroup section */
		21716C0C61A08E8ABA6CC081 /* Pods */ = {
			isa = PBXGroup;
			children = (
				2DBCAE2A94BFD1B3A08D754F /* Pods-XYWProject.debug.xcconfig */,
				681AEB5AA04EBE556EF396C4 /* Pods-XYWProject.release.xcconfig */,
			);
			name = Pods;
			sourceTree = "<group>";
		};
		47EEE6D71E744A6C00102ED2 = {
			isa = PBXGroup;
			children = (
				47EEE6E21E744A6C00102ED2 /* 工程名字 */,
				47EEE6E11E744A6C00102ED2 /* Products */,
				21716C0C61A08E8ABA6CC081 /* Pods */,
				88E1C16AF5AFB2C8572F3981 /* Frameworks */,
			);
			sourceTree = "<group>";
		};
		47EEE6E11E744A6C00102ED2 /* Products */ = {
			isa = PBXGroup;
			children = (
				47EEE6E01E744A6C00102ED2 /* XYWProject.app */,
			);
			name = Products;
			sourceTree = "<group>";
		};
		47EEE6E21E744A6C00102ED2 /* 工程名字 */ = {
			isa = PBXGroup;
			children = (
				47EEE7111E74633300102ED2 /* Base */,
				47EEE70A1E74625000102ED2 /* Application */,
				47EEE7101E7462EF00102ED2 /* Controller */,
				85A5FCFB1E768A3B0086C0C1 /* View */,
				85A5FCFA1E768A100086C0C1 /* Model */,
				85A5FCF61E76879F0086C0C1 /* Manager */,
				85A5FD021E768A750086C0C1 /* Handler */,
				47EEE70B1E7462EF00102ED2 /* Resource */,
				47EEE7331E746F0E00102ED2 /* Category */,
				47EEE6E31E744A6C00102ED2 /* Supporting Files */,
			);
			name = "工程名字";
			path = XYWProject;
			sourceTree = "<group>";
		};
		47EEE6E31E744A6C00102ED2 /* Supporting Files */ = {
			isa = PBXGroup;
			children = (
				47EEE6E41E744A6C00102ED2 /* main.m */,
			);
			name = "Supporting Files";
			sourceTree = "<group>";
		};
		47EEE70A1E74625000102ED2 /* Application */ = {
			isa = PBXGroup;
			children = (
				47EEE6E61E744A6C00102ED2 /* AppDelegate.h */,
				47EEE6E71E744A6C00102ED2 /* AppDelegate.m */,
				47EEE6E91E744A6C00102ED2 /* ViewController.h */,
				47EEE6EA1E744A6C00102ED2 /* ViewController.m */,
				47EEE6EF1E744A6C00102ED2 /* Assets.xcassets */,
				47EEE6F11E744A6C00102ED2 /* LaunchScreen.storyboard */,
				47EEE6F41E744A6C00102ED2 /* Info.plist */,
			);
			name = Application;
			sourceTree = "<group>";
		};
		47EEE70B1E7462EF00102ED2 /* Resource */ = {
			isa = PBXGroup;
			children = (
				47EEE7271E74672B00102ED2 /* image */,
			);
			path = Resource;
			sourceTree = "<group>";
		};
		47EEE7101E7462EF00102ED2 /* Controller */ = {
			isa = PBXGroup;
			children = (
				47EEE71A1E74635500102ED2 /* TestTbaleViewViewController.h */,
				47EEE71B1E74635500102ED2 /* TestTbaleViewViewController.m */,
				47EEE71C1E74635500102ED2 /* TestViewController.h */,
				47EEE71D1E74635500102ED2 /* TestViewController.m */,
			);
			path = Controller;
			sourceTree = "<group>";
		};
		47EEE7111E74633300102ED2 /* Base */ = {
			isa = PBXGroup;
			children = (
				47EEE7141E74634200102ED2 /* BaseViewController.h */,
				47EEE7151E74634200102ED2 /* BaseViewController.m */,
				47EEE7301E746A0700102ED2 /* BaseTableViewController.h */,
				47EEE7311E746A0700102ED2 /* BaseTableViewController.m */,
				47EEE72A1E7469C500102ED2 /* BaseHandler.h */,
				47EEE72B1E7469C500102ED2 /* BaseHandler.m */,
				47EEE7391E7475F600102ED2 /* BaseModel.h */,
				47EEE73A1E7475F600102ED2 /* BaseModel.m */,
				85A5FD061E768EA00086C0C1 /* Cache2UserDefaultModel.h */,
				85A5FD071E768EA00086C0C1 /* Cache2UserDefaultModel.m */,
				85A5FCF31E76871C0086C0C1 /* BaseShareInstance.h */,
				85A5FCF41E76871C0086C0C1 /* BaseShareInstance.m */,
			);
			path = Base;
			sourceTree = "<group>";
		};
		47EEE7271E74672B00102ED2 /* image */ = {
			isa = PBXGroup;
			children = (
				47EEE7371E74700500102ED2 /* apple@2x.png */,
			);
			path = image;
			sourceTree = "<group>";
		};
		47EEE7331E746F0E00102ED2 /* Category */ = {
			isa = PBXGroup;
			children = (
				47EEE7341E746F2400102ED2 /* UIViewController+NavigationSetter.h */,
				47EEE7351E746F2400102ED2 /* UIViewController+NavigationSetter.m */,
			);
			path = Category;
			sourceTree = "<group>";
		};
		853F8C491E77C4B800DA5F37 /* UserDefaultManager */ = {
			isa = PBXGroup;
			children = (
				853F8C4A1E77C4B800DA5F37 /* UserDefaultManager.h */,
				853F8C4B1E77C4B800DA5F37 /* UserDefaultManager.m */,
			);
			path = UserDefaultManager;
			sourceTree = "<group>";
		};
		85A5FCF61E76879F0086C0C1 /* Manager */ = {
			isa = PBXGroup;
			children = (
				853F8C491E77C4B800DA5F37 /* UserDefaultManager */,
				85A5FD131E76A8070086C0C1 /* XYWhttpManager */,
				85A5FD0C1E7691A40086C0C1 /* XYWSandBoxManager */,
			);
			path = Manager;
			sourceTree = "<group>";
		};
		85A5FCFA1E768A100086C0C1 /* Model */ = {
			isa = PBXGroup;
			children = (
				85A5FD091E768F390086C0C1 /* UserInfo.h */,
				85A5FD0A1E768F390086C0C1 /* UserInfo.m */,
				85A5FCFF1E768A590086C0C1 /* LoginedUserInfo.h */,
				85A5FD001E768A590086C0C1 /* LoginedUserInfo.m */,
			);
			path = Model;
			sourceTree = "<group>";
		};
		85A5FCFB1E768A3B0086C0C1 /* View */ = {
			isa = PBXGroup;
			children = (
				85A5FCFC1E768A470086C0C1 /* CustomView.h */,
				85A5FCFD1E768A470086C0C1 /* CustomView.m */,
			);
			path = View;
			sourceTree = "<group>";
		};
		85A5FD021E768A750086C0C1 /* Handler */ = {
			isa = PBXGroup;
			children = (
				85A5FD031E768A930086C0C1 /* CustomHandler.h */,
				85A5FD041E768A930086C0C1 /* CustomHandler.m */,
			);
			path = Handler;
			sourceTree = "<group>";
		};
		85A5FD0C1E7691A40086C0C1 /* XYWSandBoxManager */ = {
			isa = PBXGroup;
			children = (
				85A5FD0D1E7691A40086C0C1 /* XYWSandBox.h */,
				85A5FD0E1E7691A40086C0C1 /* XYWSandBox.m */,
			);
			path = XYWSandBoxManager;
			sourceTree = "<group>";
		};
		85A5FD131E76A8070086C0C1 /* XYWhttpManager */ = {
			isa = PBXGroup;
			children = (
				85A5FD141E76A8070086C0C1 /* XYWHTTPLibs */,
				85A5FD191E76A8070086C0C1 /* XYWhttpManager.h */,
				85A5FD1A1E76A8070086C0C1 /* XYWhttpManager.m */,
			);
			path = XYWhttpManager;
			sourceTree = "<group>";
		};
		85A5FD141E76A8070086C0C1 /* XYWHTTPLibs */ = {
			isa = PBXGroup;
			children = (
				853F8C461E77BF6200DA5F37 /* XYWHTTPCache.h */,
				853F8C471E77BF6200DA5F37 /* XYWHTTPCache.m */,
				85A5FD151E76A8070086C0C1 /* AFHTTPSessionManager+SharedManager.h */,
				85A5FD161E76A8070086C0C1 /* AFHTTPSessionManager+SharedManager.m */,
			);
			path = XYWHTTPLibs;
			sourceTree = "<group>";
		};
		88E1C16AF5AFB2C8572F3981 /* Frameworks */ = {
			isa = PBXGroup;
			children = (
				B8CD44121F18170FD3071CC2 /* libPods-XYWProject.a */,
			);
			name = Frameworks;
			sourceTree = "<group>";
		};
/* End PBXGroup section */

/* Begin PBXNativeTarget section */
		47EEE6DF1E744A6C00102ED2 /* XYWProject */ = {
			isa = PBXNativeTarget;
			buildConfigurationList = 47EEE6F71E744A6C00102ED2 /* Build configuration list for PBXNativeTarget "XYWProject" */;
			buildPhases = (
				495C329EA62E9A803005376A /* [CP] Check Pods Manifest.lock */,
				47EEE6DC1E744A6C00102ED2 /* Sources */,
				47EEE6DD1E744A6C00102ED2 /* Frameworks */,
				47EEE6DE1E744A6C00102ED2 /* Resources */,
				0E4D0535F400D4B0C11A0217 /* [CP] Embed Pods Frameworks */,
				2AA50C23D4A515C5ABFF365A /* [CP] Copy Pods Resources */,
			);
			buildRules = (
			);
			dependencies = (
			);
			name = XYWProject;
			productName = XYWProject;
			productReference = 47EEE6E01E744A6C00102ED2 /* XYWProject.app */;
			productType = "com.apple.product-type.application";
		};
/* End PBXNativeTarget section */

/* Begin PBXProject section */
		47EEE6D81E744A6C00102ED2 /* Project object */ = {
			isa = PBXProject;
			attributes = {
				LastUpgradeCheck = 0820;
				ORGANIZATIONNAME = "薛永伟";
				TargetAttributes = {
					47EEE6DF1E744A6C00102ED2 = {
						CreatedOnToolsVersion = 8.2.1;
						DevelopmentTeam = 9H9Y2TUHE4;
						ProvisioningStyle = Automatic;
					};
				};
			};
			buildConfigurationList = 47EEE6DB1E744A6C00102ED2 /* Build configuration list for PBXProject "XYWProject" */;
			compatibilityVersion = "Xcode 3.2";
			developmentRegion = English;
			hasScannedForEncodings = 0;
			knownRegions = (
				en,
				Base,
			);
			mainGroup = 47EEE6D71E744A6C00102ED2;
			productRefGroup = 47EEE6E11E744A6C00102ED2 /* Products */;
			projectDirPath = "";
			projectRoot = "";
			targets = (
				47EEE6DF1E744A6C00102ED2 /* XYWProject */,
			);
		};
/* End PBXProject section */

/* Begin PBXResourcesBuildPhase section */
		47EEE6DE1E744A6C00102ED2 /* Resources */ = {
			isa = PBXResourcesBuildPhase;
			buildActionMask = 2147483647;
			files = (
				47EEE6F31E744A6C00102ED2 /* LaunchScreen.storyboard in Resources */,
				47EEE6F01E744A6C00102ED2 /* Assets.xcassets in Resources */,
				47EEE7381E74700500102ED2 /* apple@2x.png in Resources */,
			);
			runOnlyForDeploymentPostprocessing = 0;
		};
/* End PBXResourcesBuildPhase section */

/* Begin PBXShellScriptBuildPhase section */
		0E4D0535F400D4B0C11A0217 /* [CP] Embed Pods Frameworks */ = {
			isa = PBXShellScriptBuildPhase;
			buildActionMask = 2147483647;
			files = (
			);
			inputPaths = (
			);
			name = "[CP] Embed Pods Frameworks";
			outputPaths = (
			);
			runOnlyForDeploymentPostprocessing = 0;
			shellPath = /bin/sh;
			shellScript = "\"${SRCROOT}/Pods/Target Support Files/Pods-XYWProject/Pods-XYWProject-frameworks.sh\"\n";
			showEnvVarsInLog = 0;
		};
		2AA50C23D4A515C5ABFF365A /* [CP] Copy Pods Resources */ = {
			isa = PBXShellScriptBuildPhase;
			buildActionMask = 2147483647;
			files = (
			);
			inputPaths = (
			);
			name = "[CP] Copy Pods Resources";
			outputPaths = (
			);
			runOnlyForDeploymentPostprocessing = 0;
			shellPath = /bin/sh;
			shellScript = "\"${SRCROOT}/Pods/Target Support Files/Pods-XYWProject/Pods-XYWProject-resources.sh\"\n";
			showEnvVarsInLog = 0;
		};
		495C329EA62E9A803005376A /* [CP] Check Pods Manifest.lock */ = {
			isa = PBXShellScriptBuildPhase;
			buildActionMask = 2147483647;
			files = (
			);
			inputPaths = (
			);
			name = "[CP] Check Pods Manifest.lock";
			outputPaths = (
			);
			runOnlyForDeploymentPostprocessing = 0;
			shellPath = /bin/sh;
			shellScript = "diff \"${PODS_ROOT}/../Podfile.lock\" \"${PODS_ROOT}/Manifest.lock\" > /dev/null\nif [ $? != 0 ] ; then\n    # print error to STDERR\n    echo \"error: The sandbox is not in sync with the Podfile.lock. Run 'pod install' or update your CocoaPods installation.\" >&2\n    exit 1\nfi\n";
			showEnvVarsInLog = 0;
		};
/* End PBXShellScriptBuildPhase section */

/* Begin PBXSourcesBuildPhase section */
		47EEE6DC1E744A6C00102ED2 /* Sources */ = {
			isa = PBXSourcesBuildPhase;
			buildActionMask = 2147483647;
			files = (
				47EEE6EB1E744A6C00102ED2 /* ViewController.m in Sources */,
				85A5FD0B1E768F390086C0C1 /* UserInfo.m in Sources */,
				85A5FD051E768A930086C0C1 /* CustomHandler.m in Sources */,
				47EEE7171E74634200102ED2 /* BaseViewController.m in Sources */,
				85A5FCFE1E768A470086C0C1 /* CustomView.m in Sources */,
				85A5FD011E768A590086C0C1 /* LoginedUserInfo.m in Sources */,
				47EEE71F1E74635500102ED2 /* TestTbaleViewViewController.m in Sources */,
				47EEE73B1E7475F600102ED2 /* BaseModel.m in Sources */,
				85A5FD0F1E7691A40086C0C1 /* XYWSandBox.m in Sources */,
				47EEE7201E74635500102ED2 /* TestViewController.m in Sources */,
				85A5FD1B1E76A8070086C0C1 /* AFHTTPSessionManager+SharedManager.m in Sources */,
				47EEE6E81E744A6C00102ED2 /* AppDelegate.m in Sources */,
				47EEE72E1E7469C500102ED2 /* BaseHandler.m in Sources */,
				47EEE7361E746F2400102ED2 /* UIViewController+NavigationSetter.m in Sources */,
				85A5FD1D1E76A8070086C0C1 /* XYWhttpManager.m in Sources */,
				47EEE6E51E744A6C00102ED2 /* main.m in Sources */,
				853F8C481E77BF6200DA5F37 /* XYWHTTPCache.m in Sources */,
				853F8C4C1E77C4B800DA5F37 /* UserDefaultManager.m in Sources */,
				85A5FCF51E76871C0086C0C1 /* BaseShareInstance.m in Sources */,
				85A5FD081E768EA00086C0C1 /* Cache2UserDefaultModel.m in Sources */,
				47EEE7321E746A0700102ED2 /* BaseTableViewController.m in Sources */,
			);
			runOnlyForDeploymentPostprocessing = 0;
		};
/* End PBXSourcesBuildPhase section */

/* Begin PBXVariantGroup section */
		47EEE6F11E744A6C00102ED2 /* LaunchScreen.storyboard */ = {
			isa = PBXVariantGroup;
			children = (
				47EEE6F21E744A6C00102ED2 /* Base */,
			);
			name = LaunchScreen.storyboard;
			sourceTree = "<group>";
		};
/* End PBXVariantGroup section */

/* Begin XCBuildConfiguration section */
		47EEE6F51E744A6C00102ED2 /* Debug */ = {
			isa = XCBuildConfiguration;
			buildSettings = {
				ALWAYS_SEARCH_USER_PATHS = NO;
				CLANG_ANALYZER_NONNULL = YES;
				CLANG_CXX_LANGUAGE_STANDARD = "gnu++0x";
				CLANG_CXX_LIBRARY = "libc++";
				CLANG_ENABLE_MODULES = YES;
				CLANG_ENABLE_OBJC_ARC = YES;
				CLANG_WARN_BOOL_CONVERSION = YES;
				CLANG_WARN_CONSTANT_CONVERSION = YES;
				CLANG_WARN_DIRECT_OBJC_ISA_USAGE = YES_ERROR;
				CLANG_WARN_DOCUMENTATION_COMMENTS = YES;
				CLANG_WARN_EMPTY_BODY = YES;
				CLANG_WARN_ENUM_CONVERSION = YES;
				CLANG_WARN_INFINITE_RECURSION = YES;
				CLANG_WARN_INT_CONVERSION = YES;
				CLANG_WARN_OBJC_ROOT_CLASS = YES_ERROR;
				CLANG_WARN_SUSPICIOUS_MOVE = YES;
				CLANG_WARN_UNREACHABLE_CODE = YES;
				CLANG_WARN__DUPLICATE_METHOD_MATCH = YES;
				"CODE_SIGN_IDENTITY[sdk=iphoneos*]" = "iPhone Developer";
				COPY_PHASE_STRIP = NO;
				DEBUG_INFORMATION_FORMAT = dwarf;
				ENABLE_STRICT_OBJC_MSGSEND = YES;
				ENABLE_TESTABILITY = YES;
				GCC_C_LANGUAGE_STANDARD = gnu99;
				GCC_DYNAMIC_NO_PIC = NO;
				GCC_NO_COMMON_BLOCKS = YES;
				GCC_OPTIMIZATION_LEVEL = 0;
				GCC_PREPROCESSOR_DEFINITIONS = (
					"DEBUG=1",
					"$(inherited)",
				);
				GCC_WARN_64_TO_32_BIT_CONVERSION = YES;
				GCC_WARN_ABOUT_RETURN_TYPE = YES_ERROR;
				GCC_WARN_UNDECLARED_SELECTOR = YES;
				GCC_WARN_UNINITIALIZED_AUTOS = YES_AGGRESSIVE;
				GCC_WARN_UNUSED_FUNCTION = YES;
				GCC_WARN_UNUSED_VARIABLE = YES;
				IPHONEOS_DEPLOYMENT_TARGET = 10.2;
				MTL_ENABLE_DEBUG_INFO = YES;
				ONLY_ACTIVE_ARCH = YES;
				SDKROOT = iphoneos;
			};
			name = Debug;
		};
		47EEE6F61E744A6C00102ED2 /* Release */ = {
			isa = XCBuildConfiguration;
			buildSettings = {
				ALWAYS_SEARCH_USER_PATHS = NO;
				CLANG_ANALYZER_NONNULL = YES;
				CLANG_CXX_LANGUAGE_STANDARD = "gnu++0x";
				CLANG_CXX_LIBRARY = "libc++";
				CLANG_ENABLE_MODULES = YES;
				CLANG_ENABLE_OBJC_ARC = YES;
				CLANG_WARN_BOOL_CONVERSION = YES;
				CLANG_WARN_CONSTANT_CONVERSION = YES;
				CLANG_WARN_DIRECT_OBJC_ISA_USAGE = YES_ERROR;
				CLANG_WARN_DOCUMENTATION_COMMENTS = YES;
				CLANG_WARN_EMPTY_BODY = YES;
				CLANG_WARN_ENUM_CONVERSION = YES;
				CLANG_WARN_INFINITE_RECURSION = YES;
				CLANG_WARN_INT_CONVERSION = YES;
				CLANG_WARN_OBJC_ROOT_CLASS = YES_ERROR;
				CLANG_WARN_SUSPICIOUS_MOVE = YES;
				CLANG_WARN_UNREACHABLE_CODE = YES;
				CLANG_WARN__DUPLICATE_METHOD_MATCH = YES;
				"CODE_SIGN_IDENTITY[sdk=iphoneos*]" = "iPhone Developer";
				COPY_PHASE_STRIP = NO;
				DEBUG_INFORMATION_FORMAT = "dwarf-with-dsym";
				ENABLE_NS_ASSERTIONS = NO;
				ENABLE_STRICT_OBJC_MSGSEND = YES;
				GCC_C_LANGUAGE_STANDARD = gnu99;
				GCC_NO_COMMON_BLOCKS = YES;
				GCC_WARN_64_TO_32_BIT_CONVERSION = YES;
				GCC_WARN_ABOUT_RETURN_TYPE = YES_ERROR;
				GCC_WARN_UNDECLARED_SELECTOR = YES;
				GCC_WARN_UNINITIALIZED_AUTOS = YES_AGGRESSIVE;
				GCC_WARN_UNUSED_FUNCTION = YES;
				GCC_WARN_UNUSED_VARIABLE = YES;
				IPHONEOS_DEPLOYMENT_TARGET = 10.2;
				MTL_ENABLE_DEBUG_INFO = NO;
				SDKROOT = iphoneos;
				VALIDATE_PRODUCT = YES;
			};
			name = Release;
		};
		47EEE6F81E744A6C00102ED2 /* Debug */ = {
			isa = XCBuildConfiguration;
			baseConfigurationReference = 2DBCAE2A94BFD1B3A08D754F /* Pods-XYWProject.debug.xcconfig */;
			buildSettings = {
				ASSETCATALOG_COMPILER_APPICON_NAME = AppIcon;
				DEVELOPMENT_TEAM = 9H9Y2TUHE4;
				INFOPLIST_FILE = XYWProject/Info.plist;
				IPHONEOS_DEPLOYMENT_TARGET = 8.0;
				LD_RUNPATH_SEARCH_PATHS = "$(inherited) @executable_path/Frameworks";
				PRODUCT_BUNDLE_IDENTIFIER = pub.xyw.XYWProject;
				PRODUCT_NAME = "$(TARGET_NAME)";
			};
			name = Debug;
		};
		47EEE6F91E744A6C00102ED2 /* Release */ = {
			isa = XCBuildConfiguration;
			baseConfigurationReference = 681AEB5AA04EBE556EF396C4 /* Pods-XYWProject.release.xcconfig */;
			buildSettings = {
				ASSETCATALOG_COMPILER_APPICON_NAME = AppIcon;
				DEVELOPMENT_TEAM = 9H9Y2TUHE4;
				INFOPLIST_FILE = XYWProject/Info.plist;
				IPHONEOS_DEPLOYMENT_TARGET = 8.0;
				LD_RUNPATH_SEARCH_PATHS = "$(inherited) @executable_path/Frameworks";
				PRODUCT_BUNDLE_IDENTIFIER = pub.xyw.XYWProject;
				PRODUCT_NAME = "$(TARGET_NAME)";
			};
			name = Release;
		};
/* End XCBuildConfiguration section */

/* Begin XCConfigurationList section */
		47EEE6DB1E744A6C00102ED2 /* Build configuration list for PBXProject "XYWProject" */ = {
			isa = XCConfigurationList;
			buildConfigurations = (
				47EEE6F51E744A6C00102ED2 /* Debug */,
				47EEE6F61E744A6C00102ED2 /* Release */,
			);
			defaultConfigurationIsVisible = 0;
			defaultConfigurationName = Release;
		};
		47EEE6F71E744A6C00102ED2 /* Build configuration list for PBXNativeTarget "XYWProject" */ = {
			isa = XCConfigurationList;
			buildConfigurations = (
				47EEE6F81E744A6C00102ED2 /* Debug */,
				47EEE6F91E744A6C00102ED2 /* Release */,
			);
			defaultConfigurationIsVisible = 0;
			defaultConfigurationName = Release;
		};
/* End XCConfigurationList section */
	};
	rootObject = 47EEE6D81E744A6C00102ED2 /* Project object */;
}
